github.com/BurntSushi/toml v1.3.2 h1:o7IhLm0Msx3BaB+n3Ag7L8EVlByGnpq14C4YWiu/gL8=
github.com/BurntSushi/toml v1.3.2/go.mod h1:CxXYINrC8qIiEnFrOxCa7Jy5BFHlXnUU2pbicEuybxQ=
github.com/abrander/colorjson v0.0.0-20230613094054-36675efdd74f h1:IpvS7VXlwQPqUbxglAlmiNatWwQYYM7r/0eAJ+yPwts=
github.com/abrander/colorjson v0.0.0-20230613094054-36675efdd74f/go.mod h1:2sHTZ8uq0X6Je582tJA/f6n/gOPZXb8s+/cQ6NHhb4s=
